
Microsoft Visual Studio Solution File, Format Version 12.00
# Visual Studio 15
VisualStudioVersion = 15.0.26430.15
MinimumVisualStudioVersion = 10.0.40219.1
Project("{FAE04EC0-301F-11D3-BF4B-00C04F79EFBC}") = "BillTrust.PageObjects", "BillTrust.PageObjects\BillTrust.PageObjects.csproj", "{D095FB8F-7647-40EE-8A63-A55CBB2D995B}"
EndProject
Project("{FAE04EC0-301F-11D3-BF4B-00C04F79EFBC}") = "BillTrust.Tests", "BillTrust.Tests\BillTrust.Tests.csproj", "{328489D2-DBCD-48CE-AD23-BA16F495F3D0}"
EndProject
Global
	GlobalSection(SolutionConfigurationPlatforms) = preSolution
		Debug|Any CPU = Debug|Any CPU
		Release|Any CPU = Release|Any CPU
	EndGlobalSection
	GlobalSection(ProjectConfigurationPlatforms) = postSolution
		{D095FB8F-7647-40EE-8A63-A55CBB2D995B}.Debug|Any CPU.ActiveCfg = Debug|Any CPU
		{D095FB8F-7647-40EE-8A63-A55CBB2D995B}.Debug|Any CPU.Build.0 = Debug|Any CPU
		{D095FB8F-7647-40EE-8A63-A55CBB2D995B}.Release|Any CPU.ActiveCfg = Release|Any CPU
		{D095FB8F-7647-40EE-8A63-A55CBB2D995B}.Release|Any CPU.Build.0 = Release|Any CPU
		{328489D2-DBCD-48CE-AD23-BA16F495F3D0}.Debug|Any CPU.ActiveCfg = Debug|Any CPU
		{328489D2-DBCD-48CE-AD23-BA16F495F3D0}.Debug|Any CPU.Build.0 = Debug|Any CPU
		{328489D2-DBCD-48CE-AD23-BA16F495F3D0}.Release|Any CPU.ActiveCfg = Release|Any CPU
		{328489D2-DBCD-48CE-AD23-BA16F495F3D0}.Release|Any CPU.Build.0 = Release|Any CPU
	EndGlobalSection
	GlobalSection(SolutionProperties) = preSolution
		HideSolutionNode = FALSE
	EndGlobalSection
EndGlobal
